// !$*UTF8*$!
{
	archiveVersion = 1;
	classes = {
	};
	objectVersion = 56;
	objects = {

/* Begin PBXBuildFile section */
		5CD2A71E29BACC3B009DEBE7 /* MiniCard.swift in Sources */ = {isa = PBXBuildFile; fileRef = 5CD2A71D29BACC3B009DEBE7 /* MiniCard.swift */; };
		5CD2A72029BAD48F009DEBE7 /* CardFan.swift in Sources */ = {isa = PBXBuildFile; fileRef = 5CD2A71F29BAD48F009DEBE7 /* CardFan.swift */; };
		5CD2A72229BB0666009DEBE7 /* ContentViewModel.swift in Sources */ = {isa = PBXBuildFile; fileRef = 5CD2A72129BB0666009DEBE7 /* ContentViewModel.swift */; };
		5CD2A72429BB204C009DEBE7 /* LiyAnimation.swift in Sources */ = {isa = PBXBuildFile; fileRef = 5CD2A72329BB204C009DEBE7 /* LiyAnimation.swift */; };
		5CD2A72729BEDD30009DEBE7 /* DeckView.swift in Sources */ = {isa = PBXBuildFile; fileRef = 5CD2A72629BEDD30009DEBE7 /* DeckView.swift */; };
		5CD2A72929BEDD62009DEBE7 /* DeckViewModel.swift in Sources */ = {isa = PBXBuildFile; fileRef = 5CD2A72829BEDD62009DEBE7 /* DeckViewModel.swift */; };
		5CD2A72B29BF036A009DEBE7 /* DeckStatistic.swift in Sources */ = {isa = PBXBuildFile; fileRef = 5CD2A72A29BF036A009DEBE7 /* DeckStatistic.swift */; };
		5CEDEF6F29B9AD980074047D /* AnimalizationApp.swift in Sources */ = {isa = PBXBuildFile; fileRef = 5CEDEF6E29B9AD980074047D /* AnimalizationApp.swift */; };
		5CEDEF7129B9AD980074047D /* ContentView.swift in Sources */ = {isa = PBXBuildFile; fileRef = 5CEDEF7029B9AD980074047D /* ContentView.swift */; };
		5CEDEF7329B9AD9A0074047D /* Assets.xcassets in Resources */ = {isa = PBXBuildFile; fileRef = 5CEDEF7229B9AD9A0074047D /* Assets.xcassets */; };
		5CEDEF7629B9AD9A0074047D /* Preview Assets.xcassets in Resources */ = {isa = PBXBuildFile; fileRef = 5CEDEF7529B9AD9A0074047D /* Preview Assets.xcassets */; };
		5CEDEF8229B9D6670074047D /* cardData.json in Resources */ = {isa = PBXBuildFile; fileRef = 5CEDEF8029B9D6670074047D /* cardData.json */; };
		5CEDEF8329B9D6670074047D /* decks.json in Resources */ = {isa = PBXBuildFile; fileRef = 5CEDEF8129B9D6670074047D /* decks.json */; };
		5CEDEF8629B9D7C70074047D /* FrontCardView.swift in Sources */ = {isa = PBXBuildFile; fileRef = 5CEDEF8529B9D7C70074047D /* FrontCardView.swift */; };
		5CEDEF8929B9D7F40074047D /* Constants.swift in Sources */ = {isa = PBXBuildFile; fileRef = 5CEDEF8829B9D7F40074047D /* Constants.swift */; };
		5CEDEF8B29B9D9D20074047D /* Animal.swift in Sources */ = {isa = PBXBuildFile; fileRef = 5CEDEF8A29B9D9D20074047D /* Animal.swift */; };
		5CEDEF8D29B9D9DF0074047D /* Deck.swift in Sources */ = {isa = PBXBuildFile; fileRef = 5CEDEF8C29B9D9DF0074047D /* Deck.swift */; };
		5CEDEF9029B9DB4B0074047D /* BundleExtension.swift in Sources */ = {isa = PBXBuildFile; fileRef = 5CEDEF8F29B9DB4B0074047D /* BundleExtension.swift */; };
		5CEDEF9329BABFAD0074047D /* CardModifier.swift in Sources */ = {isa = PBXBuildFile; fileRef = 5CEDEF9229BABFAD0074047D /* CardModifier.swift */; };
		5CEDEF9529BAC0660074047D /* BackCardView.swift in Sources */ = {isa = PBXBuildFile; fileRef = 5CEDEF9429BAC0660074047D /* BackCardView.swift */; };
/* End PBXBuildFile section */

/* Begin PBXFileReference section */
		5CD2A71D29BACC3B009DEBE7 /* MiniCard.swift */ = {isa = PBXFileReference; lastKnownFileType = sourcecode.swift; path = MiniCard.swift; sourceTree = "<group>"; };
		5CD2A71F29BAD48F009DEBE7 /* CardFan.swift */ = {isa = PBXFileReference; lastKnownFileType = sourcecode.swift; path = CardFan.swift; sourceTree = "<group>"; };
		5CD2A72129BB0666009DEBE7 /* ContentViewModel.swift */ = {isa = PBXFileReference; lastKnownFileType = sourcecode.swift; path = ContentViewModel.swift; sourceTree = "<group>"; };
		5CD2A72329BB204C009DEBE7 /* LiyAnimation.swift */ = {isa = PBXFileReference; lastKnownFileType = sourcecode.swift; path = LiyAnimation.swift; sourceTree = "<group>"; };
		5CD2A72629BEDD30009DEBE7 /* DeckView.swift */ = {isa = PBXFileReference; lastKnownFileType = sourcecode.swift; path = DeckView.swift; sourceTree = "<group>"; };
		5CD2A72829BEDD62009DEBE7 /* DeckViewModel.swift */ = {isa = PBXFileReference; lastKnownFileType = sourcecode.swift; path = DeckViewModel.swift; sourceTree = "<group>"; };
		5CD2A72A29BF036A009DEBE7 /* DeckStatistic.swift */ = {isa = PBXFileReference; lastKnownFileType = sourcecode.swift; path = DeckStatistic.swift; sourceTree = "<group>"; };
		5CEDEF6B29B9AD980074047D /* Animalization.app */ = {isa = PBXFileReference; explicitFileType = wrapper.application; includeInIndex = 0; path = Animalization.app; sourceTree = BUILT_PRODUCTS_DIR; };
		5CEDEF6E29B9AD980074047D /* AnimalizationApp.swift */ = {isa = PBXFileReference; lastKnownFileType = sourcecode.swift; path = AnimalizationApp.swift; sourceTree = "<group>"; };
		5CEDEF7029B9AD980074047D /* ContentView.swift */ = {isa = PBXFileReference; lastKnownFileType = sourcecode.swift; path = ContentView.swift; sourceTree = "<group>"; };
		5CEDEF7229B9AD9A0074047D /* Assets.xcassets */ = {isa = PBXFileReference; lastKnownFileType = folder.assetcatalog; path = Assets.xcassets; sourceTree = "<group>"; };
		5CEDEF7529B9AD9A0074047D /* Preview Assets.xcassets */ = {isa = PBXFileReference; lastKnownFileType = folder.assetcatalog; path = "Preview Assets.xcassets"; sourceTree = "<group>"; };
		5CEDEF8029B9D6670074047D /* cardData.json */ = {isa = PBXFileReference; fileEncoding = 4; lastKnownFileType = text.json; path = cardData.json; sourceTree = "<group>"; };
		5CEDEF8129B9D6670074047D /* decks.json */ = {isa = PBXFileReference; fileEncoding = 4; lastKnownFileType = text.json; path = decks.json; sourceTree = "<group>"; };
		5CEDEF8529B9D7C70074047D /* FrontCardView.swift */ = {isa = PBXFileReference; lastKnownFileType = sourcecode.swift; path = FrontCardView.swift; sourceTree = "<group>"; };
		5CEDEF8829B9D7F40074047D /* Constants.swift */ = {isa = PBXFileReference; lastKnownFileType = sourcecode.swift; path = Constants.swift; sourceTree = "<group>"; };
		5CEDEF8A29B9D9D20074047D /* Animal.swift */ = {isa = PBXFileReference; lastKnownFileType = sourcecode.swift; path = Animal.swift; sourceTree = "<group>"; };
		5CEDEF8C29B9D9DF0074047D /* Deck.swift */ = {isa = PBXFileReference; lastKnownFileType = sourcecode.swift; path = Deck.swift; sourceTree = "<group>"; };
		5CEDEF8F29B9DB4B0074047D /* BundleExtension.swift */ = {isa = PBXFileReference; lastKnownFileType = sourcecode.swift; path = BundleExtension.swift; sourceTree = "<group>"; };
		5CEDEF9229BABFAD0074047D /* CardModifier.swift */ = {isa = PBXFileReference; lastKnownFileType = sourcecode.swift; path = CardModifier.swift; sourceTree = "<group>"; };
		5CEDEF9429BAC0660074047D /* BackCardView.swift */ = {isa = PBXFileReference; lastKnownFileType = sourcecode.swift; path = BackCardView.swift; sourceTree = "<group>"; };
/* End PBXFileReference section */

/* Begin PBXFrameworksBuildPhase section */
		5CEDEF6829B9AD980074047D /* Frameworks */ = {
			isa = PBXFrameworksBuildPhase;
			buildActionMask = 2147483647;
			files = (
			);
			runOnlyForDeploymentPostprocessing = 0;
		};
/* End PBXFrameworksBuildPhase section */

/* Begin PBXGroup section */
		5CD2A72529BEDD1E009DEBE7 /* Decks */ = {
			isa = PBXGroup;
			children = (
				5CD2A72629BEDD30009DEBE7 /* DeckView.swift */,
			);
			path = Decks;
			sourceTree = "<group>";
		};
		5CEDEF6229B9AD980074047D = {
			isa = PBXGroup;
			children = (
				5CEDEF6D29B9AD980074047D /* Animalization */,
				5CEDEF6C29B9AD980074047D /* Products */,
			);
			sourceTree = "<group>";
		};
		5CEDEF6C29B9AD980074047D /* Products */ = {
			isa = PBXGroup;
			children = (
				5CEDEF6B29B9AD980074047D /* Animalization.app */,
			);
			name = Products;
			sourceTree = "<group>";
		};
		5CEDEF6D29B9AD980074047D /* Animalization */ = {
			isa = PBXGroup;
			children = (
				5CEDEF6E29B9AD980074047D /* AnimalizationApp.swift */,
				5CEDEF7F29B9C8160074047D /* Data */,
				5CEDEF7E29B9C7FC0074047D /* Models */,
				5CEDEF7C29B9C7E70074047D /* Views */,
				5CEDEF7D29B9C7F00074047D /* View Models */,
				5CEDEF8729B9D7E30074047D /* Helpers */,
				5CEDEF8E29B9DB0C0074047D /* Extensions */,
				5CEDEF9129BABF8F0074047D /* Modifiers */,
				5CEDEF7229B9AD9A0074047D /* Assets.xcassets */,
				5CEDEF7429B9AD9A0074047D /* Preview Content */,
			);
			path = Animalization;
			sourceTree = "<group>";
		};
		5CEDEF7429B9AD9A0074047D /* Preview Content */ = {
			isa = PBXGroup;
			children = (
				5CEDEF7529B9AD9A0074047D /* Preview Assets.xcassets */,
			);
			path = "Preview Content";
			sourceTree = "<group>";
		};
		5CEDEF7C29B9C7E70074047D /* Views */ = {
			isa = PBXGroup;
			children = (
				5CD2A72529BEDD1E009DEBE7 /* Decks */,
				5CEDEF8429B9D7B20074047D /* Cards */,
				5CEDEF7029B9AD980074047D /* ContentView.swift */,
			);
			path = Views;
			sourceTree = "<group>";
		};
		5CEDEF7D29B9C7F00074047D /* View Models */ = {
			isa = PBXGroup;
			children = (
				5CD2A72129BB0666009DEBE7 /* ContentViewModel.swift */,
				5CD2A72829BEDD62009DEBE7 /* DeckViewModel.swift */,
			);
			path = "View Models";
			sourceTree = "<group>";
		};
		5CEDEF7E29B9C7FC0074047D /* Models */ = {
			isa = PBXGroup;
			children = (
				5CEDEF8A29B9D9D20074047D /* Animal.swift */,
				5CEDEF8C29B9D9DF0074047D /* Deck.swift */,
				5CD2A72A29BF036A009DEBE7 /* DeckStatistic.swift */,
			);
			path = Models;
			sourceTree = "<group>";
		};
		5CEDEF7F29B9C8160074047D /* Data */ = {
			isa = PBXGroup;
			children = (
				5CEDEF8029B9D6670074047D /* cardData.json */,
				5CEDEF8129B9D6670074047D /* decks.json */,
			);
			path = Data;
			sourceTree = "<group>";
		};
		5CEDEF8429B9D7B20074047D /* Cards */ = {
			isa = PBXGroup;
			children = (
				5CEDEF8529B9D7C70074047D /* FrontCardView.swift */,
				5CEDEF9429BAC0660074047D /* BackCardView.swift */,
				5CD2A71D29BACC3B009DEBE7 /* MiniCard.swift */,
				5CD2A71F29BAD48F009DEBE7 /* CardFan.swift */,
			);
			path = Cards;
			sourceTree = "<group>";
		};
		5CEDEF8729B9D7E30074047D /* Helpers */ = {
			isa = PBXGroup;
			children = (
				5CEDEF8829B9D7F40074047D /* Constants.swift */,
				5CD2A72329BB204C009DEBE7 /* LiyAnimation.swift */,
			);
			path = Helpers;
			sourceTree = "<group>";
		};
		5CEDEF8E29B9DB0C0074047D /* Extensions */ = {
			isa = PBXGroup;
			children = (
				5CEDEF8F29B9DB4B0074047D /* BundleExtension.swift */,
			);
			path = Extensions;
			sourceTree = "<group>";
		};
		5CEDEF9129BABF8F0074047D /* Modifiers */ = {
			isa = PBXGroup;
			children = (
				5CEDEF9229BABFAD0074047D /* CardModifier.swift */,
			);
			path = Modifiers;
			sourceTree = "<group>";
		};
/* End PBXGroup section */

/* Begin PBXNativeTarget section */
		5CEDEF6A29B9AD980074047D /* Animalization */ = {
			isa = PBXNativeTarget;
			buildConfigurationList = 5CEDEF7929B9AD9A0074047D /* Build configuration list for PBXNativeTarget "Animalization" */;
			buildPhases = (
				5CEDEF6729B9AD980074047D /* Sources */,
				5CEDEF6829B9AD980074047D /* Frameworks */,
				5CEDEF6929B9AD980074047D /* Resources */,
			);
			buildRules = (
			);
			dependencies = (
			);
			name = Animalization;
			productName = Animalization;
			productReference = 5CEDEF6B29B9AD980074047D /* Animalization.app */;
			productType = "com.apple.product-type.application";
		};
/* End PBXNativeTarget section */

/* Begin PBXProject section */
		5CEDEF6329B9AD980074047D /* Project object */ = {
			isa = PBXProject;
			attributes = {
				BuildIndependentTargetsInParallel = 1;
				LastSwiftUpdateCheck = 1420;
				LastUpgradeCheck = 1420;
				TargetAttributes = {
					5CEDEF6A29B9AD980074047D = {
						CreatedOnToolsVersion = 14.2;
					};
				};
			};
			buildConfigurationList = 5CEDEF6629B9AD980074047D /* Build configuration list for PBXProject "Animalization" */;
			compatibilityVersion = "Xcode 14.0";
			developmentRegion = en;
			hasScannedForEncodings = 0;
			knownRegions = (
				en,
				Base,
			);
			mainGroup = 5CEDEF6229B9AD980074047D;
			productRefGroup = 5CEDEF6C29B9AD980074047D /* Products */;
			projectDirPath = "";
			projectRoot = "";
			targets = (
				5CEDEF6A29B9AD980074047D /* Animalization */,
			);
		};
/* End PBXProject section */

/* Begin PBXResourcesBuildPhase section */
		5CEDEF6929B9AD980074047D /* Resources */ = {
			isa = PBXResourcesBuildPhase;
			buildActionMask = 2147483647;
			files = (
				5CEDEF8329B9D6670074047D /* decks.json in Resources */,
				5CEDEF7629B9AD9A0074047D /* Preview Assets.xcassets in Resources */,
				5CEDEF7329B9AD9A0074047D /* Assets.xcassets in Resources */,
				5CEDEF8229B9D6670074047D /* cardData.json in Resources */,
			);
			runOnlyForDeploymentPostprocessing = 0;
		};
/* End PBXResourcesBuildPhase section */

/* Begin PBXSourcesBuildPhase section */
		5CEDEF6729B9AD980074047D /* Sources */ = {
			isa = PBXSourcesBuildPhase;
			buildActionMask = 2147483647;
			files = (
				5CD2A72429BB204C009DEBE7 /* LiyAnimation.swift in Sources */,
				5CD2A72029BAD48F009DEBE7 /* CardFan.swift in Sources */,
				5CEDEF8D29B9D9DF0074047D /* Deck.swift in Sources */,
				5CD2A72929BEDD62009DEBE7 /* DeckViewModel.swift in Sources */,
				5CD2A72729BEDD30009DEBE7 /* DeckView.swift in Sources */,
				5CEDEF9529BAC0660074047D /* BackCardView.swift in Sources */,
				5CEDEF7129B9AD980074047D /* ContentView.swift in Sources */,
				5CEDEF6F29B9AD980074047D /* AnimalizationApp.swift in Sources */,
				5CD2A71E29BACC3B009DEBE7 /* MiniCard.swift in Sources */,
				5CEDEF9029B9DB4B0074047D /* BundleExtension.swift in Sources */,
				5CEDEF8629B9D7C70074047D /* FrontCardView.swift in Sources */,
				5CD2A72229BB0666009DEBE7 /* ContentViewModel.swift in Sources */,
				5CEDEF8929B9D7F40074047D /* Constants.swift in Sources */,
				5CD2A72B29BF036A009DEBE7 /* DeckStatistic.swift in Sources */,
				5CEDEF9329BABFAD0074047D /* CardModifier.swift in Sources */,
				5CEDEF8B29B9D9D20074047D /* Animal.swift in Sources */,
			);
			runOnlyForDeploymentPostprocessing = 0;
		};
/* End PBXSourcesBuildPhase section */

/* Begin XCBuildConfiguration section */
		5CEDEF7729B9AD9A0074047D /* Debug */ = {
			isa = XCBuildConfiguration;
			buildSettings = {
				ALWAYS_SEARCH_USER_PATHS = NO;
				CLANG_ANALYZER_NONNULL = YES;
				CLANG_ANALYZER_NUMBER_OBJECT_CONVERSION = YES_AGGRESSIVE;
				CLANG_CXX_LANGUAGE_STANDARD = "gnu++20";
				CLANG_ENABLE_MODULES = YES;
				CLANG_ENABLE_OBJC_ARC = YES;
				CLANG_ENABLE_OBJC_WEAK = YES;
				CLANG_WARN_BLOCK_CAPTURE_AUTORELEASING = YES;
				CLANG_WARN_BOOL_CONVERSION = YES;
				CLANG_WARN_COMMA = YES;
				CLANG_WARN_CONSTANT_CONVERSION = YES;
				CLANG_WARN_DEPRECATED_OBJC_IMPLEMENTATIONS = YES;
				CLANG_WARN_DIRECT_OBJC_ISA_USAGE = YES_ERROR;
				CLANG_WARN_DOCUMENTATION_COMMENTS = YES;
				CLANG_WARN_EMPTY_BODY = YES;
				CLANG_WARN_ENUM_CONVERSION = YES;
				CLANG_WARN_INFINITE_RECURSION = YES;
				CLANG_WARN_INT_CONVERSION = YES;
				CLANG_WARN_NON_LITERAL_NULL_CONVERSION = YES;
				CLANG_WARN_OBJC_IMPLICIT_RETAIN_SELF = YES;
				CLANG_WARN_OBJC_LITERAL_CONVERSION = YES;
				CLANG_WARN_OBJC_ROOT_CLASS = YES_ERROR;
				CLANG_WARN_QUOTED_INCLUDE_IN_FRAMEWORK_HEADER = YES;
				CLANG_WARN_RANGE_LOOP_ANALYSIS = YES;
				CLANG_WARN_STRICT_PROTOTYPES = YES;
				CLANG_WARN_SUSPICIOUS_MOVE = YES;
				CLANG_WARN_UNGUARDED_AVAILABILITY = YES_AGGRESSIVE;
				CLANG_WARN_UNREACHABLE_CODE = YES;
				CLANG_WARN__DUPLICATE_METHOD_MATCH = YES;
				COPY_PHASE_STRIP = NO;
				DEBUG_INFORMATION_FORMAT = dwarf;
				ENABLE_STRICT_OBJC_MSGSEND = YES;
				ENABLE_TESTABILITY = YES;
				GCC_C_LANGUAGE_STANDARD = gnu11;
				GCC_DYNAMIC_NO_PIC = NO;
				GCC_NO_COMMON_BLOCKS = YES;
				GCC_OPTIMIZATION_LEVEL = 0;
				GCC_PREPROCESSOR_DEFINITIONS = (
					"DEBUG=1",
					"$(inherited)",
				);
				GCC_WARN_64_TO_32_BIT_CONVERSION = YES;
				GCC_WARN_ABOUT_RETURN_TYPE = YES_ERROR;
				GCC_WARN_UNDECLARED_SELECTOR = YES;
				GCC_WARN_UNINITIALIZED_AUTOS = YES_AGGRESSIVE;
				GCC_WARN_UNUSED_FUNCTION = YES;
				GCC_WARN_UNUSED_VARIABLE = YES;
				IPHONEOS_DEPLOYMENT_TARGET = 16.2;
				MTL_ENABLE_DEBUG_INFO = INCLUDE_SOURCE;
				MTL_FAST_MATH = YES;
				ONLY_ACTIVE_ARCH = YES;
				SDKROOT = iphoneos;
				SWIFT_ACTIVE_COMPILATION_CONDITIONS = DEBUG;
				SWIFT_OPTIMIZATION_LEVEL = "-Onone";
			};
			name = Debug;
		};
		5CEDEF7829B9AD9A0074047D /* Release */ = {
			isa = XCBuildConfiguration;
			buildSettings = {
				ALWAYS_SEARCH_USER_PATHS = NO;
				CLANG_ANALYZER_NONNULL = YES;
				CLANG_ANALYZER_NUMBER_OBJECT_CONVERSION = YES_AGGRESSIVE;
				CLANG_CXX_LANGUAGE_STANDARD = "gnu++20";
				CLANG_ENABLE_MODULES = YES;
				CLANG_ENABLE_OBJC_ARC = YES;
				CLANG_ENABLE_OBJC_WEAK = YES;
				CLANG_WARN_BLOCK_CAPTURE_AUTORELEASING = YES;
				CLANG_WARN_BOOL_CONVERSION = YES;
				CLANG_WARN_COMMA = YES;
				CLANG_WARN_CONSTANT_CONVERSION = YES;
				CLANG_WARN_DEPRECATED_OBJC_IMPLEMENTATIONS = YES;
				CLANG_WARN_DIRECT_OBJC_ISA_USAGE = YES_ERROR;
				CLANG_WARN_DOCUMENTATION_COMMENTS = YES;
				CLANG_WARN_EMPTY_BODY = YES;
				CLANG_WARN_ENUM_CONVERSION = YES;
				CLANG_WARN_INFINITE_RECURSION = YES;
				CLANG_WARN_INT_CONVERSION = YES;
				CLANG_WARN_NON_LITERAL_NULL_CONVERSION = YES;
				CLANG_WARN_OBJC_IMPLICIT_RETAIN_SELF = YES;
				CLANG_WARN_OBJC_LITERAL_CONVERSION = YES;
				CLANG_WARN_OBJC_ROOT_CLASS = YES_ERROR;
				CLANG_WARN_QUOTED_INCLUDE_IN_FRAMEWORK_HEADER = YES;
				CLANG_WARN_RANGE_LOOP_ANALYSIS = YES;
				CLANG_WARN_STRICT_PROTOTYPES = YES;
				CLANG_WARN_SUSPICIOUS_MOVE = YES;
				CLANG_WARN_UNGUARDED_AVAILABILITY = YES_AGGRESSIVE;
				CLANG_WARN_UNREACHABLE_CODE = YES;
				CLANG_WARN__DUPLICATE_METHOD_MATCH = YES;
				COPY_PHASE_STRIP = NO;
				DEBUG_INFORMATION_FORMAT = "dwarf-with-dsym";
				ENABLE_NS_ASSERTIONS = NO;
				ENABLE_STRICT_OBJC_MSGSEND = YES;
				GCC_C_LANGUAGE_STANDARD = gnu11;
				GCC_NO_COMMON_BLOCKS = YES;
				GCC_WARN_64_TO_32_BIT_CONVERSION = YES;
				GCC_WARN_ABOUT_RETURN_TYPE = YES_ERROR;
				GCC_WARN_UNDECLARED_SELECTOR = YES;
				GCC_WARN_UNINITIALIZED_AUTOS = YES_AGGRESSIVE;
				GCC_WARN_UNUSED_FUNCTION = YES;
				GCC_WARN_UNUSED_VARIABLE = YES;
				IPHONEOS_DEPLOYMENT_TARGET = 16.2;
				MTL_ENABLE_DEBUG_INFO = NO;
				MTL_FAST_MATH = YES;
				SDKROOT = iphoneos;
				SWIFT_COMPILATION_MODE = wholemodule;
				SWIFT_OPTIMIZATION_LEVEL = "-O";
				VALIDATE_PRODUCT = YES;
			};
			name = Release;
		};
		5CEDEF7A29B9AD9A0074047D /* Debug */ = {
			isa = XCBuildConfiguration;
			buildSettings = {
				ASSETCATALOG_COMPILER_APPICON_NAME = AppIcon;
				ASSETCATALOG_COMPILER_GLOBAL_ACCENT_COLOR_NAME = AccentColor;
				CODE_SIGN_STYLE = Automatic;
				CURRENT_PROJECT_VERSION = 1;
				DEVELOPMENT_ASSET_PATHS = "\"Animalization/Preview Content\"";
				DEVELOPMENT_TEAM = 24495W6MQC;
				ENABLE_PREVIEWS = YES;
				GENERATE_INFOPLIST_FILE = YES;
				INFOPLIST_KEY_UIApplicationSceneManifest_Generation = YES;
				INFOPLIST_KEY_UIApplicationSupportsIndirectInputEvents = YES;
				INFOPLIST_KEY_UILaunchScreen_Generation = YES;
				INFOPLIST_KEY_UISupportedInterfaceOrientations_iPad = "UIInterfaceOrientationPortrait UIInterfaceOrientationPortraitUpsideDown UIInterfaceOrientationLandscapeLeft UIInterfaceOrientationLandscapeRight";
				INFOPLIST_KEY_UISupportedInterfaceOrientations_iPhone = "UIInterfaceOrientationPortrait UIInterfaceOrientationLandscapeLeft UIInterfaceOrientationLandscapeRight";
				LD_RUNPATH_SEARCH_PATHS = (
					"$(inherited)",
					"@executable_path/Frameworks",
				);
				MARKETING_VERSION = 1.0;
				PRODUCT_BUNDLE_IDENTIFIER = liyicky.Animalization;
				PRODUCT_NAME = "$(TARGET_NAME)";
				SWIFT_EMIT_LOC_STRINGS = YES;
				SWIFT_VERSION = 5.0;
				TARGETED_DEVICE_FAMILY = "1,2";
			};
			name = Debug;
		};
		5CEDEF7B29B9AD9A0074047D /* Release */ = {
			isa = XCBuildConfiguration;
			buildSettings = {
				ASSETCATALOG_COMPILER_APPICON_NAME = AppIcon;
				ASSETCATALOG_COMPILER_GLOBAL_ACCENT_COLOR_NAME = AccentColor;
				CODE_SIGN_STYLE = Automatic;
				CURRENT_PROJECT_VERSION = 1;
				DEVELOPMENT_ASSET_PATHS = "\"Animalization/Preview Content\"";
				DEVELOPMENT_TEAM = 24495W6MQC;
				ENABLE_PREVIEWS = YES;
				GENERATE_INFOPLIST_FILE = YES;
				INFOPLIST_KEY_UIApplicationSceneManifest_Generation = YES;
				INFOPLIST_KEY_UIApplicationSupportsIndirectInputEvents = YES;
				INFOPLIST_KEY_UILaunchScreen_Generation = YES;
				INFOPLIST_KEY_UISupportedInterfaceOrientations_iPad = "UIInterfaceOrientationPortrait UIInterfaceOrientationPortraitUpsideDown UIInterfaceOrientationLandscapeLeft UIInterfaceOrientationLandscapeRight";
				INFOPLIST_KEY_UISupportedInterfaceOrientations_iPhone = "UIInterfaceOrientationPortrait UIInterfaceOrientationLandscapeLeft UIInterfaceOrientationLandscapeRight";
				LD_RUNPATH_SEARCH_PATHS = (
					"$(inherited)",
					"@executable_path/Frameworks",
				);
				MARKETING_VERSION = 1.0;
				PRODUCT_BUNDLE_IDENTIFIER = liyicky.Animalization;
				PRODUCT_NAME = "$(TARGET_NAME)";
				SWIFT_EMIT_LOC_STRINGS = YES;
				SWIFT_VERSION = 5.0;
				TARGETED_DEVICE_FAMILY = "1,2";
			};
			name = Release;
		};
/* End XCBuildConfiguration section */

/* Begin XCConfigurationList section */
		5CEDEF6629B9AD980074047D /* Build configuration list for PBXProject "Animalization" */ = {
			isa = XCConfigurationList;
			buildConfigurations = (
				5CEDEF7729B9AD9A0074047D /* Debug */,
				5CEDEF7829B9AD9A0074047D /* Release */,
			);
			defaultConfigurationIsVisible = 0;
			defaultConfigurationName = Release;
		};
		5CEDEF7929B9AD9A0074047D /* Build configuration list for PBXNativeTarget "Animalization" */ = {
			isa = XCConfigurationList;
			buildConfigurations = (
				5CEDEF7A29B9AD9A0074047D /* Debug */,
				5CEDEF7B29B9AD9A0074047D /* Release */,
			);
			defaultConfigurationIsVisible = 0;
			defaultConfigurationName = Release;
		};
/* End XCConfigurationList section */
	};
	rootObject = 5CEDEF6329B9AD980074047D /* Project object */;
}
